[{<<"common">>,
  {git,"https://github.com/joq62/common.git",
       {ref,"71bd1cf941b254283eb52e7c5ee6b033f4b46a03"}},
  0},
 {<<"infra_service">>,
  {git,"https://github.com/joq62/infra_service.git",
       {ref,"924964ed01b15fd76eb2d426a5eaf6b2183879c6"}},
  0},
 {<<"nodelog_service">>,
  {git,"https://github.com/joq62/nodelog_service.git",
       {ref,"22e5fe7d84620a107f3f690c6372e9835dc16479"}},
  1},
 {<<"resource_discovery">>,
  {git,"https://github.com/joq62/resource_discovery.git",
       {ref,"59d087a879239ee598dcbda1315c985d6163b99e"}},
  0}].
